
Microsoft Visual Studio Solution File, Format Version 12.00
# Visual Studio Version 17
VisualStudioVersion = 17.0.31903.59
MinimumVisualStudioVersion = 10.0.40219.1
Project("{FAE04EC0-301F-11D3-BF4B-00C04F79EFBC}") = "AL.Aplicacion", "AL.Aplicacion\AL.Aplicacion.csproj", "{B9885D50-EBF9-4357-B88B-5CCC572D924D}"
EndProject
Project("{FAE04EC0-301F-11D3-BF4B-00C04F79EFBC}") = "AL.Repositorios", "AL.Repositorios\AL.Repositorios.csproj", "{3A0CF566-D2FE-4161-B18D-FFCDEAD7461B}"
EndProject
Project("{FAE04EC0-301F-11D3-BF4B-00C04F79EFBC}") = "AL.UI", "AL.UI\AL.UI.csproj", "{EA56C19B-7F53-4EF2-8A6E-071D4FF65A8A}"
EndProject
Global
	GlobalSection(SolutionConfigurationPlatforms) = preSolution
		Debug|Any CPU = Debug|Any CPU
		Release|Any CPU = Release|Any CPU
	EndGlobalSection
	GlobalSection(SolutionProperties) = preSolution
		HideSolutionNode = FALSE
	EndGlobalSection
	GlobalSection(ProjectConfigurationPlatforms) = postSolution
		{B9885D50-EBF9-4357-B88B-5CCC572D924D}.Debug|Any CPU.ActiveCfg = Debug|Any CPU
		{B9885D50-EBF9-4357-B88B-5CCC572D924D}.Debug|Any CPU.Build.0 = Debug|Any CPU
		{B9885D50-EBF9-4357-B88B-5CCC572D924D}.Release|Any CPU.ActiveCfg = Release|Any CPU
		{B9885D50-EBF9-4357-B88B-5CCC572D924D}.Release|Any CPU.Build.0 = Release|Any CPU
		{3A0CF566-D2FE-4161-B18D-FFCDEAD7461B}.Debug|Any CPU.ActiveCfg = Debug|Any CPU
		{3A0CF566-D2FE-4161-B18D-FFCDEAD7461B}.Debug|Any CPU.Build.0 = Debug|Any CPU
		{3A0CF566-D2FE-4161-B18D-FFCDEAD7461B}.Release|Any CPU.ActiveCfg = Release|Any CPU
		{3A0CF566-D2FE-4161-B18D-FFCDEAD7461B}.Release|Any CPU.Build.0 = Release|Any CPU
		{EA56C19B-7F53-4EF2-8A6E-071D4FF65A8A}.Debug|Any CPU.ActiveCfg = Debug|Any CPU
		{EA56C19B-7F53-4EF2-8A6E-071D4FF65A8A}.Debug|Any CPU.Build.0 = Debug|Any CPU
		{EA56C19B-7F53-4EF2-8A6E-071D4FF65A8A}.Release|Any CPU.ActiveCfg = Release|Any CPU
		{EA56C19B-7F53-4EF2-8A6E-071D4FF65A8A}.Release|Any CPU.Build.0 = Release|Any CPU
	EndGlobalSection
EndGlobal
